Microsoft Visual Studio Solution File, Format Version 12.00
# Visual Studio Version 18
VisualStudioVersion = 18.1.11304.174
MinimumVisualStudioVersion = 10.0.40219.1
Project("{FAE04EC0-301F-11D3-BF4B-00C04F79EFBC}") = "Ligot.AppHost", "Ligot.AppHost\Ligot.AppHost.csproj", "{3FE88E31-83C6-4A18-85AF-97E61A22C1D3}"
EndProject
Project("{FAE04EC0-301F-11D3-BF4B-00C04F79EFBC}") = "Ligot.ServiceDefaults", "Ligot.ServiceDefaults\Ligot.ServiceDefaults.csproj", "{53D24348-B1DC-95A1-1953-B48BBD597BDB}"
EndProject
Project("{FAE04EC0-301F-11D3-BF4B-00C04F79EFBC}") = "Ligot.ApiService", "Ligot.ApiService\Ligot.ApiService.csproj", "{2047DFA8-A1E7-E01D-D2A2-7F4257468FF0}"
EndProject
Project("{FAE04EC0-301F-11D3-BF4B-00C04F79EFBC}") = "Ligot.FrontEnd", "Ligot.Web\Ligot.FrontEnd.csproj", "{47748777-477E-4F3C-F7DC-60AD998A5426}"
EndProject
Project("{FAE04EC0-301F-11D3-BF4B-00C04F79EFBC}") = "Ligot.Tests", "Ligot.Tests\Ligot.Tests.csproj", "{19FA03DF-AB14-2919-E314-109F5A08035A}"
EndProject
Project("{FAE04EC0-301F-11D3-BF4B-00C04F79EFBC}") = "Ligot.BackEnd", "Ligot.DbApi\Ligot.BackEnd.csproj", "{08961EED-51DB-AA9B-2BA7-58A7A0FC98CB}"
EndProject
Global
	GlobalSection(SolutionConfigurationPlatforms) = preSolution
		Debug|Any CPU = Debug|Any CPU
		Release|Any CPU = Release|Any CPU
	EndGlobalSection
	GlobalSection(ProjectConfigurationPlatforms) = postSolution
		{3FE88E31-83C6-4A18-85AF-97E61A22C1D3}.Debug|Any CPU.ActiveCfg = Debug|Any CPU
		{3FE88E31-83C6-4A18-85AF-97E61A22C1D3}.Debug|Any CPU.Build.0 = Debug|Any CPU
		{3FE88E31-83C6-4A18-85AF-97E61A22C1D3}.Release|Any CPU.ActiveCfg = Release|Any CPU
		{3FE88E31-83C6-4A18-85AF-97E61A22C1D3}.Release|Any CPU.Build.0 = Release|Any CPU
		{53D24348-B1DC-95A1-1953-B48BBD597BDB}.Debug|Any CPU.ActiveCfg = Debug|Any CPU
		{53D24348-B1DC-95A1-1953-B48BBD597BDB}.Debug|Any CPU.Build.0 = Debug|Any CPU
		{53D24348-B1DC-95A1-1953-B48BBD597BDB}.Release|Any CPU.ActiveCfg = Release|Any CPU
		{53D24348-B1DC-95A1-1953-B48BBD597BDB}.Release|Any CPU.Build.0 = Release|Any CPU
		{2047DFA8-A1E7-E01D-D2A2-7F4257468FF0}.Debug|Any CPU.ActiveCfg = Debug|Any CPU
		{2047DFA8-A1E7-E01D-D2A2-7F4257468FF0}.Debug|Any CPU.Build.0 = Debug|Any CPU
		{2047DFA8-A1E7-E01D-D2A2-7F4257468FF0}.Release|Any CPU.ActiveCfg = Release|Any CPU
		{2047DFA8-A1E7-E01D-D2A2-7F4257468FF0}.Release|Any CPU.Build.0 = Release|Any CPU
		{47748777-477E-4F3C-F7DC-60AD998A5426}.Debug|Any CPU.ActiveCfg = Debug|Any CPU
		{47748777-477E-4F3C-F7DC-60AD998A5426}.Debug|Any CPU.Build.0 = Debug|Any CPU
		{47748777-477E-4F3C-F7DC-60AD998A5426}.Release|Any CPU.ActiveCfg = Release|Any CPU
		{47748777-477E-4F3C-F7DC-60AD998A5426}.Release|Any CPU.Build.0 = Release|Any CPU
		{19FA03DF-AB14-2919-E314-109F5A08035A}.Debug|Any CPU.ActiveCfg = Debug|Any CPU
		{19FA03DF-AB14-2919-E314-109F5A08035A}.Debug|Any CPU.Build.0 = Debug|Any CPU
		{19FA03DF-AB14-2919-E314-109F5A08035A}.Release|Any CPU.ActiveCfg = Release|Any CPU
		{19FA03DF-AB14-2919-E314-109F5A08035A}.Release|Any CPU.Build.0 = Release|Any CPU
		{08961EED-51DB-AA9B-2BA7-58A7A0FC98CB}.Debug|Any CPU.ActiveCfg = Debug|Any CPU
		{08961EED-51DB-AA9B-2BA7-58A7A0FC98CB}.Debug|Any CPU.Build.0 = Debug|Any CPU
		{08961EED-51DB-AA9B-2BA7-58A7A0FC98CB}.Release|Any CPU.ActiveCfg = Release|Any CPU
		{08961EED-51DB-AA9B-2BA7-58A7A0FC98CB}.Release|Any CPU.Build.0 = Release|Any CPU
	EndGlobalSection
	GlobalSection(SolutionProperties) = preSolution
		HideSolutionNode = FALSE
	EndGlobalSection
	GlobalSection(ExtensibilityGlobals) = postSolution
		SolutionGuid = {5A815D33-FED3-49B8-89DF-97C523B7D7C6}
	EndGlobalSection
EndGlobal

